
Microsoft Visual Studio Solution File, Format Version 12.00
# Visual Studio 2012
Project("{FAE04EC0-301F-11D3-BF4B-00C04F79EFBC}") = "ShittyPrototype", "ShittyPrototype.csproj", "{6D5C19FD-D6B5-4060-B009-9188EA6B7696}"
EndProject
Project("{FAE04EC0-301F-11D3-BF4B-00C04F79EFBC}") = "CoreUI", "..\CoreUI\CoreUI.csproj", "{961DA26C-70F5-4AD5-A829-498C148430B4}"
EndProject
Project("{96E2B04D-8817-42C6-938A-82C39BA4D311}") = "GameContent", "..\GameContent\GameContent.contentproj", "{16FF8368-DD70-4C57-BB08-2C9A236C6013}"
EndProject
Global
	GlobalSection(SolutionConfigurationPlatforms) = preSolution
		64 bit|Any CPU = 64 bit|Any CPU
		64 bit|Mixed Platforms = 64 bit|Mixed Platforms
		64 bit|Windows Phone = 64 bit|Windows Phone
		64 bit|x64 = 64 bit|x64
		64 bit|x86 = 64 bit|x86
		Android|Any CPU = Android|Any CPU
		Android|Mixed Platforms = Android|Mixed Platforms
		Android|Windows Phone = Android|Windows Phone
		Android|x64 = Android|x64
		Android|x86 = Android|x86
		Debug|Any CPU = Debug|Any CPU
		Debug|Mixed Platforms = Debug|Mixed Platforms
		Debug|Windows Phone = Debug|Windows Phone
		Debug|x64 = Debug|x64
		Debug|x86 = Debug|x86
		iOS|Any CPU = iOS|Any CPU
		iOS|Mixed Platforms = iOS|Mixed Platforms
		iOS|Windows Phone = iOS|Windows Phone
		iOS|x64 = iOS|x64
		iOS|x86 = iOS|x86
		Linux|Any CPU = Linux|Any CPU
		Linux|Mixed Platforms = Linux|Mixed Platforms
		Linux|Windows Phone = Linux|Windows Phone
		Linux|x64 = Linux|x64
		Linux|x86 = Linux|x86
		OSX|Any CPU = OSX|Any CPU
		OSX|Mixed Platforms = OSX|Mixed Platforms
		OSX|Windows Phone = OSX|Windows Phone
		OSX|x64 = OSX|x64
		OSX|x86 = OSX|x86
		PSM|Any CPU = PSM|Any CPU
		PSM|Mixed Platforms = PSM|Mixed Platforms
		PSM|Windows Phone = PSM|Windows Phone
		PSM|x64 = PSM|x64
		PSM|x86 = PSM|x86
		Release|Any CPU = Release|Any CPU
		Release|Mixed Platforms = Release|Mixed Platforms
		Release|Windows Phone = Release|Windows Phone
		Release|x64 = Release|x64
		Release|x86 = Release|x86
		Windows|Any CPU = Windows|Any CPU
		Windows|Mixed Platforms = Windows|Mixed Platforms
		Windows|Windows Phone = Windows|Windows Phone
		Windows|x64 = Windows|x64
		Windows|x86 = Windows|x86
		Windows8|Any CPU = Windows8|Any CPU
		Windows8|Mixed Platforms = Windows8|Mixed Platforms
		Windows8|Windows Phone = Windows8|Windows Phone
		Windows8|x64 = Windows8|x64
		Windows8|x86 = Windows8|x86
	EndGlobalSection
	GlobalSection(ProjectConfigurationPlatforms) = postSolution
		{6D5C19FD-D6B5-4060-B009-9188EA6B7696}.64 bit|Any CPU.ActiveCfg = Release|x86
		{6D5C19FD-D6B5-4060-B009-9188EA6B7696}.64 bit|Any CPU.Build.0 = Release|x86
		{6D5C19FD-D6B5-4060-B009-9188EA6B7696}.64 bit|Mixed Platforms.ActiveCfg = Debug|x86
		{6D5C19FD-D6B5-4060-B009-9188EA6B7696}.64 bit|Mixed Platforms.Build.0 = Debug|x86
		{6D5C19FD-D6B5-4060-B009-9188EA6B7696}.64 bit|Windows Phone.ActiveCfg = Debug|x86
		{6D5C19FD-D6B5-4060-B009-9188EA6B7696}.64 bit|Windows Phone.Build.0 = Debug|x86
		{6D5C19FD-D6B5-4060-B009-9188EA6B7696}.64 bit|x64.ActiveCfg = Release|x86
		{6D5C19FD-D6B5-4060-B009-9188EA6B7696}.64 bit|x64.Build.0 = Release|x86
		{6D5C19FD-D6B5-4060-B009-9188EA6B7696}.64 bit|x86.ActiveCfg = Release|x86
		{6D5C19FD-D6B5-4060-B009-9188EA6B7696}.64 bit|x86.Build.0 = Release|x86
		{6D5C19FD-D6B5-4060-B009-9188EA6B7696}.Android|Any CPU.ActiveCfg = Debug|x86
		{6D5C19FD-D6B5-4060-B009-9188EA6B7696}.Android|Any CPU.Build.0 = Debug|x86
		{6D5C19FD-D6B5-4060-B009-9188EA6B7696}.Android|Mixed Platforms.ActiveCfg = Debug|x86
		{6D5C19FD-D6B5-4060-B009-9188EA6B7696}.Android|Mixed Platforms.Build.0 = Debug|x86
		{6D5C19FD-D6B5-4060-B009-9188EA6B7696}.Android|Windows Phone.ActiveCfg = Debug|x86
		{6D5C19FD-D6B5-4060-B009-9188EA6B7696}.Android|Windows Phone.Build.0 = Debug|x86
		{6D5C19FD-D6B5-4060-B009-9188EA6B7696}.Android|x64.ActiveCfg = Debug|x86
		{6D5C19FD-D6B5-4060-B009-9188EA6B7696}.Android|x64.Build.0 = Debug|x86
		{6D5C19FD-D6B5-4060-B009-9188EA6B7696}.Android|x86.ActiveCfg = Debug|x86
		{6D5C19FD-D6B5-4060-B009-9188EA6B7696}.Android|x86.Build.0 = Debug|x86
		{6D5C19FD-D6B5-4060-B009-9188EA6B7696}.Debug|Any CPU.ActiveCfg = Debug|x86
		{6D5C19FD-D6B5-4060-B009-9188EA6B7696}.Debug|Any CPU.Build.0 = Debug|x86
		{6D5C19FD-D6B5-4060-B009-9188EA6B7696}.Debug|Mixed Platforms.ActiveCfg = Debug|x86
		{6D5C19FD-D6B5-4060-B009-9188EA6B7696}.Debug|Mixed Platforms.Build.0 = Debug|x86
		{6D5C19FD-D6B5-4060-B009-9188EA6B7696}.Debug|Windows Phone.ActiveCfg = Debug|x86
		{6D5C19FD-D6B5-4060-B009-9188EA6B7696}.Debug|Windows Phone.Build.0 = Debug|x86
		{6D5C19FD-D6B5-4060-B009-9188EA6B7696}.Debug|x64.ActiveCfg = Debug|x86
		{6D5C19FD-D6B5-4060-B009-9188EA6B7696}.Debug|x64.Build.0 = Debug|x86
		{6D5C19FD-D6B5-4060-B009-9188EA6B7696}.Debug|x86.ActiveCfg = Debug|x86
		{6D5C19FD-D6B5-4060-B009-9188EA6B7696}.Debug|x86.Build.0 = Debug|x86
		{6D5C19FD-D6B5-4060-B009-9188EA6B7696}.iOS|Any CPU.ActiveCfg = Debug|x86
		{6D5C19FD-D6B5-4060-B009-9188EA6B7696}.iOS|Any CPU.Build.0 = Debug|x86
		{6D5C19FD-D6B5-4060-B009-9188EA6B7696}.iOS|Mixed Platforms.ActiveCfg = Debug|x86
		{6D5C19FD-D6B5-4060-B009-9188EA6B7696}.iOS|Mixed Platforms.Build.0 = Debug|x86
		{6D5C19FD-D6B5-4060-B009-9188EA6B7696}.iOS|Windows Phone.ActiveCfg = Debug|x86
		{6D5C19FD-D6B5-4060-B009-9188EA6B7696}.iOS|Windows Phone.Build.0 = Debug|x86
		{6D5C19FD-D6B5-4060-B009-9188EA6B7696}.iOS|x64.ActiveCfg = Debug|x86
		{6D5C19FD-D6B5-4060-B009-9188EA6B7696}.iOS|x64.Build.0 = Debug|x86
		{6D5C19FD-D6B5-4060-B009-9188EA6B7696}.iOS|x86.ActiveCfg = Debug|x86
		{6D5C19FD-D6B5-4060-B009-9188EA6B7696}.iOS|x86.Build.0 = Debug|x86
		{6D5C19FD-D6B5-4060-B009-9188EA6B7696}.Linux|Any CPU.ActiveCfg = Debug|x86
		{6D5C19FD-D6B5-4060-B009-9188EA6B7696}.Linux|Any CPU.Build.0 = Debug|x86
		{6D5C19FD-D6B5-4060-B009-9188EA6B7696}.Linux|Mixed Platforms.ActiveCfg = Debug|x86
		{6D5C19FD-D6B5-4060-B009-9188EA6B7696}.Linux|Mixed Platforms.Build.0 = Debug|x86
		{6D5C19FD-D6B5-4060-B009-9188EA6B7696}.Linux|Windows Phone.ActiveCfg = Debug|x86
		{6D5C19FD-D6B5-4060-B009-9188EA6B7696}.Linux|Windows Phone.Build.0 = Debug|x86
		{6D5C19FD-D6B5-4060-B009-9188EA6B7696}.Linux|x64.ActiveCfg = Debug|x86
		{6D5C19FD-D6B5-4060-B009-9188EA6B7696}.Linux|x64.Build.0 = Debug|x86
		{6D5C19FD-D6B5-4060-B009-9188EA6B7696}.Linux|x86.ActiveCfg = Debug|x86
		{6D5C19FD-D6B5-4060-B009-9188EA6B7696}.Linux|x86.Build.0 = Debug|x86
		{6D5C19FD-D6B5-4060-B009-9188EA6B7696}.OSX|Any CPU.ActiveCfg = Debug|x86
		{6D5C19FD-D6B5-4060-B009-9188EA6B7696}.OSX|Any CPU.Build.0 = Debug|x86
		{6D5C19FD-D6B5-4060-B009-9188EA6B7696}.OSX|Mixed Platforms.ActiveCfg = Debug|x86
		{6D5C19FD-D6B5-4060-B009-9188EA6B7696}.OSX|Mixed Platforms.Build.0 = Debug|x86
		{6D5C19FD-D6B5-4060-B009-9188EA6B7696}.OSX|Windows Phone.ActiveCfg = Debug|x86
		{6D5C19FD-D6B5-4060-B009-9188EA6B7696}.OSX|Windows Phone.Build.0 = Debug|x86
		{6D5C19FD-D6B5-4060-B009-9188EA6B7696}.OSX|x64.ActiveCfg = Debug|x86
		{6D5C19FD-D6B5-4060-B009-9188EA6B7696}.OSX|x64.Build.0 = Debug|x86
		{6D5C19FD-D6B5-4060-B009-9188EA6B7696}.OSX|x86.ActiveCfg = Debug|x86
		{6D5C19FD-D6B5-4060-B009-9188EA6B7696}.OSX|x86.Build.0 = Debug|x86
		{6D5C19FD-D6B5-4060-B009-9188EA6B7696}.PSM|Any CPU.ActiveCfg = Debug|x86
		{6D5C19FD-D6B5-4060-B009-9188EA6B7696}.PSM|Any CPU.Build.0 = Debug|x86
		{6D5C19FD-D6B5-4060-B009-9188EA6B7696}.PSM|Mixed Platforms.ActiveCfg = Debug|x86
		{6D5C19FD-D6B5-4060-B009-9188EA6B7696}.PSM|Mixed Platforms.Build.0 = Debug|x86
		{6D5C19FD-D6B5-4060-B009-9188EA6B7696}.PSM|Windows Phone.ActiveCfg = Debug|x86
		{6D5C19FD-D6B5-4060-B009-9188EA6B7696}.PSM|Windows Phone.Build.0 = Debug|x86
		{6D5C19FD-D6B5-4060-B009-9188EA6B7696}.PSM|x64.ActiveCfg = Debug|x86
		{6D5C19FD-D6B5-4060-B009-9188EA6B7696}.PSM|x64.Build.0 = Debug|x86
		{6D5C19FD-D6B5-4060-B009-9188EA6B7696}.PSM|x86.ActiveCfg = Debug|x86
		{6D5C19FD-D6B5-4060-B009-9188EA6B7696}.PSM|x86.Build.0 = Debug|x86
		{6D5C19FD-D6B5-4060-B009-9188EA6B7696}.Release|Any CPU.ActiveCfg = Release|x86
		{6D5C19FD-D6B5-4060-B009-9188EA6B7696}.Release|Any CPU.Build.0 = Release|x86
		{6D5C19FD-D6B5-4060-B009-9188EA6B7696}.Release|Mixed Platforms.ActiveCfg = Release|x86
		{6D5C19FD-D6B5-4060-B009-9188EA6B7696}.Release|Mixed Platforms.Build.0 = Release|x86
		{6D5C19FD-D6B5-4060-B009-9188EA6B7696}.Release|Windows Phone.ActiveCfg = Release|x86
		{6D5C19FD-D6B5-4060-B009-9188EA6B7696}.Release|Windows Phone.Build.0 = Release|x86
		{6D5C19FD-D6B5-4060-B009-9188EA6B7696}.Release|x64.ActiveCfg = Release|x86
		{6D5C19FD-D6B5-4060-B009-9188EA6B7696}.Release|x64.Build.0 = Release|x86
		{6D5C19FD-D6B5-4060-B009-9188EA6B7696}.Release|x86.ActiveCfg = Release|x86
		{6D5C19FD-D6B5-4060-B009-9188EA6B7696}.Release|x86.Build.0 = Release|x86
		{6D5C19FD-D6B5-4060-B009-9188EA6B7696}.Windows|Any CPU.ActiveCfg = Debug|x86
		{6D5C19FD-D6B5-4060-B009-9188EA6B7696}.Windows|Any CPU.Build.0 = Debug|x86
		{6D5C19FD-D6B5-4060-B009-9188EA6B7696}.Windows|Mixed Platforms.ActiveCfg = Debug|x86
		{6D5C19FD-D6B5-4060-B009-9188EA6B7696}.Windows|Mixed Platforms.Build.0 = Debug|x86
		{6D5C19FD-D6B5-4060-B009-9188EA6B7696}.Windows|Windows Phone.ActiveCfg = Debug|x86
		{6D5C19FD-D6B5-4060-B009-9188EA6B7696}.Windows|Windows Phone.Build.0 = Debug|x86
		{6D5C19FD-D6B5-4060-B009-9188EA6B7696}.Windows|x64.ActiveCfg = Debug|x86
		{6D5C19FD-D6B5-4060-B009-9188EA6B7696}.Windows|x64.Build.0 = Debug|x86
		{6D5C19FD-D6B5-4060-B009-9188EA6B7696}.Windows|x86.ActiveCfg = Debug|x86
		{6D5C19FD-D6B5-4060-B009-9188EA6B7696}.Windows|x86.Build.0 = Debug|x86
		{6D5C19FD-D6B5-4060-B009-9188EA6B7696}.Windows8|Any CPU.ActiveCfg = Debug|x86
		{6D5C19FD-D6B5-4060-B009-9188EA6B7696}.Windows8|Any CPU.Build.0 = Debug|x86
		{6D5C19FD-D6B5-4060-B009-9188EA6B7696}.Windows8|Mixed Platforms.ActiveCfg = Debug|x86
		{6D5C19FD-D6B5-4060-B009-9188EA6B7696}.Windows8|Mixed Platforms.Build.0 = Debug|x86
		{6D5C19FD-D6B5-4060-B009-9188EA6B7696}.Windows8|Windows Phone.ActiveCfg = Debug|x86
		{6D5C19FD-D6B5-4060-B009-9188EA6B7696}.Windows8|Windows Phone.Build.0 = Debug|x86
		{6D5C19FD-D6B5-4060-B009-9188EA6B7696}.Windows8|x64.ActiveCfg = Debug|x86
		{6D5C19FD-D6B5-4060-B009-9188EA6B7696}.Windows8|x64.Build.0 = Debug|x86
		{6D5C19FD-D6B5-4060-B009-9188EA6B7696}.Windows8|x86.ActiveCfg = Debug|x86
		{6D5C19FD-D6B5-4060-B009-9188EA6B7696}.Windows8|x86.Build.0 = Debug|x86
		{961DA26C-70F5-4AD5-A829-498C148430B4}.64 bit|Any CPU.ActiveCfg = 64 bit|Any CPU
		{961DA26C-70F5-4AD5-A829-498C148430B4}.64 bit|Any CPU.Build.0 = 64 bit|Any CPU
		{961DA26C-70F5-4AD5-A829-498C148430B4}.64 bit|Mixed Platforms.ActiveCfg = 64 bit|x86
		{961DA26C-70F5-4AD5-A829-498C148430B4}.64 bit|Mixed Platforms.Build.0 = 64 bit|x86
		{961DA26C-70F5-4AD5-A829-498C148430B4}.64 bit|Windows Phone.ActiveCfg = 64 bit|Any CPU
		{961DA26C-70F5-4AD5-A829-498C148430B4}.64 bit|x64.ActiveCfg = 64 bit|x64
		{961DA26C-70F5-4AD5-A829-498C148430B4}.64 bit|x64.Build.0 = 64 bit|x64
		{961DA26C-70F5-4AD5-A829-498C148430B4}.64 bit|x86.ActiveCfg = 64 bit|x86
		{961DA26C-70F5-4AD5-A829-498C148430B4}.64 bit|x86.Build.0 = 64 bit|x86
		{961DA26C-70F5-4AD5-A829-498C148430B4}.Android|Any CPU.ActiveCfg = Release|Any CPU
		{961DA26C-70F5-4AD5-A829-498C148430B4}.Android|Any CPU.Build.0 = Release|Any CPU
		{961DA26C-70F5-4AD5-A829-498C148430B4}.Android|Mixed Platforms.ActiveCfg = Release|x86
		{961DA26C-70F5-4AD5-A829-498C148430B4}.Android|Mixed Platforms.Build.0 = Release|x86
		{961DA26C-70F5-4AD5-A829-498C148430B4}.Android|Windows Phone.ActiveCfg = Release|Any CPU
		{961DA26C-70F5-4AD5-A829-498C148430B4}.Android|x64.ActiveCfg = Release|x64
		{961DA26C-70F5-4AD5-A829-498C148430B4}.Android|x64.Build.0 = Release|x64
		{961DA26C-70F5-4AD5-A829-498C148430B4}.Android|x86.ActiveCfg = Release|x86
		{961DA26C-70F5-4AD5-A829-498C148430B4}.Android|x86.Build.0 = Release|x86
		{961DA26C-70F5-4AD5-A829-498C148430B4}.Debug|Any CPU.ActiveCfg = Debug|Any CPU
		{961DA26C-70F5-4AD5-A829-498C148430B4}.Debug|Any CPU.Build.0 = Debug|Any CPU
		{961DA26C-70F5-4AD5-A829-498C148430B4}.Debug|Mixed Platforms.ActiveCfg = Debug|x86
		{961DA26C-70F5-4AD5-A829-498C148430B4}.Debug|Mixed Platforms.Build.0 = Debug|x86
		{961DA26C-70F5-4AD5-A829-498C148430B4}.Debug|Windows Phone.ActiveCfg = Debug|Any CPU
		{961DA26C-70F5-4AD5-A829-498C148430B4}.Debug|x64.ActiveCfg = Debug|x64
		{961DA26C-70F5-4AD5-A829-498C148430B4}.Debug|x64.Build.0 = Debug|x64
		{961DA26C-70F5-4AD5-A829-498C148430B4}.Debug|x86.ActiveCfg = Debug|x86
		{961DA26C-70F5-4AD5-A829-498C148430B4}.Debug|x86.Build.0 = Debug|x86
		{961DA26C-70F5-4AD5-A829-498C148430B4}.iOS|Any CPU.ActiveCfg = Release|Any CPU
		{961DA26C-70F5-4AD5-A829-498C148430B4}.iOS|Any CPU.Build.0 = Release|Any CPU
		{961DA26C-70F5-4AD5-A829-498C148430B4}.iOS|Mixed Platforms.ActiveCfg = Release|x86
		{961DA26C-70F5-4AD5-A829-498C148430B4}.iOS|Mixed Platforms.Build.0 = Release|x86
		{961DA26C-70F5-4AD5-A829-498C148430B4}.iOS|Windows Phone.ActiveCfg = Release|Any CPU
		{961DA26C-70F5-4AD5-A829-498C148430B4}.iOS|x64.ActiveCfg = Release|x64
		{961DA26C-70F5-4AD5-A829-498C148430B4}.iOS|x64.Build.0 = Release|x64
		{961DA26C-70F5-4AD5-A829-498C148430B4}.iOS|x86.ActiveCfg = Release|x86
		{961DA26C-70F5-4AD5-A829-498C148430B4}.iOS|x86.Build.0 = Release|x86
		{961DA26C-70F5-4AD5-A829-498C148430B4}.Linux|Any CPU.ActiveCfg = Release|Any CPU
		{961DA26C-70F5-4AD5-A829-498C148430B4}.Linux|Any CPU.Build.0 = Release|Any CPU
		{961DA26C-70F5-4AD5-A829-498C148430B4}.Linux|Mixed Platforms.ActiveCfg = Release|x86
		{961DA26C-70F5-4AD5-A829-498C148430B4}.Linux|Mixed Platforms.Build.0 = Release|x86
		{961DA26C-70F5-4AD5-A829-498C148430B4}.Linux|Windows Phone.ActiveCfg = Release|Any CPU
		{961DA26C-70F5-4AD5-A829-498C148430B4}.Linux|x64.ActiveCfg = Release|x64
		{961DA26C-70F5-4AD5-A829-498C148430B4}.Linux|x64.Build.0 = Release|x64
		{961DA26C-70F5-4AD5-A829-498C148430B4}.Linux|x86.ActiveCfg = Release|x86
		{961DA26C-70F5-4AD5-A829-498C148430B4}.Linux|x86.Build.0 = Release|x86
		{961DA26C-70F5-4AD5-A829-498C148430B4}.OSX|Any CPU.ActiveCfg = Release|Any CPU
		{961DA26C-70F5-4AD5-A829-498C148430B4}.OSX|Any CPU.Build.0 = Release|Any CPU
		{961DA26C-70F5-4AD5-A829-498C148430B4}.OSX|Mixed Platforms.ActiveCfg = Release|x86
		{961DA26C-70F5-4AD5-A829-498C148430B4}.OSX|Mixed Platforms.Build.0 = Release|x86
		{961DA26C-70F5-4AD5-A829-498C148430B4}.OSX|Windows Phone.ActiveCfg = Release|Any CPU
		{961DA26C-70F5-4AD5-A829-498C148430B4}.OSX|x64.ActiveCfg = Release|x64
		{961DA26C-70F5-4AD5-A829-498C148430B4}.OSX|x64.Build.0 = Release|x64
		{961DA26C-70F5-4AD5-A829-498C148430B4}.OSX|x86.ActiveCfg = Release|x86
		{961DA26C-70F5-4AD5-A829-498C148430B4}.OSX|x86.Build.0 = Release|x86
		{961DA26C-70F5-4AD5-A829-498C148430B4}.PSM|Any CPU.ActiveCfg = Release|Any CPU
		{961DA26C-70F5-4AD5-A829-498C148430B4}.PSM|Any CPU.Build.0 = Release|Any CPU
		{961DA26C-70F5-4AD5-A829-498C148430B4}.PSM|Mixed Platforms.ActiveCfg = Release|x86
		{961DA26C-70F5-4AD5-A829-498C148430B4}.PSM|Mixed Platforms.Build.0 = Release|x86
		{961DA26C-70F5-4AD5-A829-498C148430B4}.PSM|Windows Phone.ActiveCfg = Release|Any CPU
		{961DA26C-70F5-4AD5-A829-498C148430B4}.PSM|x64.ActiveCfg = Release|x64
		{961DA26C-70F5-4AD5-A829-498C148430B4}.PSM|x64.Build.0 = Release|x64
		{961DA26C-70F5-4AD5-A829-498C148430B4}.PSM|x86.ActiveCfg = Release|x86
		{961DA26C-70F5-4AD5-A829-498C148430B4}.PSM|x86.Build.0 = Release|x86
		{961DA26C-70F5-4AD5-A829-498C148430B4}.Release|Any CPU.ActiveCfg = Release|Any CPU
		{961DA26C-70F5-4AD5-A829-498C148430B4}.Release|Any CPU.Build.0 = Release|Any CPU
		{961DA26C-70F5-4AD5-A829-498C148430B4}.Release|Mixed Platforms.ActiveCfg = Release|x86
		{961DA26C-70F5-4AD5-A829-498C148430B4}.Release|Mixed Platforms.Build.0 = Release|x86
		{961DA26C-70F5-4AD5-A829-498C148430B4}.Release|Windows Phone.ActiveCfg = Release|Any CPU
		{961DA26C-70F5-4AD5-A829-498C148430B4}.Release|x64.ActiveCfg = Release|x64
		{961DA26C-70F5-4AD5-A829-498C148430B4}.Release|x64.Build.0 = Release|x64
		{961DA26C-70F5-4AD5-A829-498C148430B4}.Release|x86.ActiveCfg = Release|x86
		{961DA26C-70F5-4AD5-A829-498C148430B4}.Release|x86.Build.0 = Release|x86
		{961DA26C-70F5-4AD5-A829-498C148430B4}.Windows|Any CPU.ActiveCfg = Release|Any CPU
		{961DA26C-70F5-4AD5-A829-498C148430B4}.Windows|Any CPU.Build.0 = Release|Any CPU
		{961DA26C-70F5-4AD5-A829-498C148430B4}.Windows|Mixed Platforms.ActiveCfg = Release|x86
		{961DA26C-70F5-4AD5-A829-498C148430B4}.Windows|Mixed Platforms.Build.0 = Release|x86
		{961DA26C-70F5-4AD5-A829-498C148430B4}.Windows|Windows Phone.ActiveCfg = Release|Any CPU
		{961DA26C-70F5-4AD5-A829-498C148430B4}.Windows|x64.ActiveCfg = Release|x64
		{961DA26C-70F5-4AD5-A829-498C148430B4}.Windows|x64.Build.0 = Release|x64
		{961DA26C-70F5-4AD5-A829-498C148430B4}.Windows|x86.ActiveCfg = Release|x86
		{961DA26C-70F5-4AD5-A829-498C148430B4}.Windows|x86.Build.0 = Release|x86
		{961DA26C-70F5-4AD5-A829-498C148430B4}.Windows8|Any CPU.ActiveCfg = Release|Any CPU
		{961DA26C-70F5-4AD5-A829-498C148430B4}.Windows8|Any CPU.Build.0 = Release|Any CPU
		{961DA26C-70F5-4AD5-A829-498C148430B4}.Windows8|Mixed Platforms.ActiveCfg = Release|x86
		{961DA26C-70F5-4AD5-A829-498C148430B4}.Windows8|Mixed Platforms.Build.0 = Release|x86
		{961DA26C-70F5-4AD5-A829-498C148430B4}.Windows8|Windows Phone.ActiveCfg = Release|Any CPU
		{961DA26C-70F5-4AD5-A829-498C148430B4}.Windows8|x64.ActiveCfg = Release|x64
		{961DA26C-70F5-4AD5-A829-498C148430B4}.Windows8|x64.Build.0 = Release|x64
		{961DA26C-70F5-4AD5-A829-498C148430B4}.Windows8|x86.ActiveCfg = Release|x86
		{961DA26C-70F5-4AD5-A829-498C148430B4}.Windows8|x86.Build.0 = Release|x86
		{16FF8368-DD70-4C57-BB08-2C9A236C6013}.64 bit|Any CPU.ActiveCfg = Debug|Any CPU
		{16FF8368-DD70-4C57-BB08-2C9A236C6013}.64 bit|Mixed Platforms.ActiveCfg = Debug|Any CPU
		{16FF8368-DD70-4C57-BB08-2C9A236C6013}.64 bit|Windows Phone.ActiveCfg = Debug|Any CPU
		{16FF8368-DD70-4C57-BB08-2C9A236C6013}.64 bit|x64.ActiveCfg = Debug|Any CPU
		{16FF8368-DD70-4C57-BB08-2C9A236C6013}.64 bit|x86.ActiveCfg = Debug|Any CPU
		{16FF8368-DD70-4C57-BB08-2C9A236C6013}.Android|Any CPU.ActiveCfg = Debug|Any CPU
		{16FF8368-DD70-4C57-BB08-2C9A236C6013}.Android|Mixed Platforms.ActiveCfg = Debug|Any CPU
		{16FF8368-DD70-4C57-BB08-2C9A236C6013}.Android|Windows Phone.ActiveCfg = Debug|Any CPU
		{16FF8368-DD70-4C57-BB08-2C9A236C6013}.Android|x64.ActiveCfg = Debug|Any CPU
		{16FF8368-DD70-4C57-BB08-2C9A236C6013}.Android|x86.ActiveCfg = Debug|Any CPU
		{16FF8368-DD70-4C57-BB08-2C9A236C6013}.Debug|Any CPU.ActiveCfg = Debug|Any CPU
		{16FF8368-DD70-4C57-BB08-2C9A236C6013}.Debug|Mixed Platforms.ActiveCfg = Debug|Any CPU
		{16FF8368-DD70-4C57-BB08-2C9A236C6013}.Debug|Windows Phone.ActiveCfg = Debug|Any CPU
		{16FF8368-DD70-4C57-BB08-2C9A236C6013}.Debug|x64.ActiveCfg = Debug|Any CPU
		{16FF8368-DD70-4C57-BB08-2C9A236C6013}.Debug|x86.ActiveCfg = Debug|Any CPU
		{16FF8368-DD70-4C57-BB08-2C9A236C6013}.iOS|Any CPU.ActiveCfg = Debug|Any CPU
		{16FF8368-DD70-4C57-BB08-2C9A236C6013}.iOS|Mixed Platforms.ActiveCfg = Debug|Any CPU
		{16FF8368-DD70-4C57-BB08-2C9A236C6013}.iOS|Windows Phone.ActiveCfg = Debug|Any CPU
		{16FF8368-DD70-4C57-BB08-2C9A236C6013}.iOS|x64.ActiveCfg = Debug|Any CPU
		{16FF8368-DD70-4C57-BB08-2C9A236C6013}.iOS|x86.ActiveCfg = Debug|Any CPU
		{16FF8368-DD70-4C57-BB08-2C9A236C6013}.Linux|Any CPU.ActiveCfg = Debug|Any CPU
		{16FF8368-DD70-4C57-BB08-2C9A236C6013}.Linux|Mixed Platforms.ActiveCfg = Debug|Any CPU
		{16FF8368-DD70-4C57-BB08-2C9A236C6013}.Linux|Windows Phone.ActiveCfg = Debug|Any CPU
		{16FF8368-DD70-4C57-BB08-2C9A236C6013}.Linux|x64.ActiveCfg = Debug|Any CPU
		{16FF8368-DD70-4C57-BB08-2C9A236C6013}.Linux|x86.ActiveCfg = Debug|Any CPU
		{16FF8368-DD70-4C57-BB08-2C9A236C6013}.OSX|Any CPU.ActiveCfg = Debug|Any CPU
		{16FF8368-DD70-4C57-BB08-2C9A236C6013}.OSX|Mixed Platforms.ActiveCfg = Debug|Any CPU
		{16FF8368-DD70-4C57-BB08-2C9A236C6013}.OSX|Windows Phone.ActiveCfg = Debug|Any CPU
		{16FF8368-DD70-4C57-BB08-2C9A236C6013}.OSX|x64.ActiveCfg = Debug|Any CPU
		{16FF8368-DD70-4C57-BB08-2C9A236C6013}.OSX|x86.ActiveCfg = Debug|Any CPU
		{16FF8368-DD70-4C57-BB08-2C9A236C6013}.PSM|Any CPU.ActiveCfg = Debug|Any CPU
		{16FF8368-DD70-4C57-BB08-2C9A236C6013}.PSM|Mixed Platforms.ActiveCfg = Debug|Any CPU
		{16FF8368-DD70-4C57-BB08-2C9A236C6013}.PSM|Windows Phone.ActiveCfg = Debug|Any CPU
		{16FF8368-DD70-4C57-BB08-2C9A236C6013}.PSM|x64.ActiveCfg = Debug|Any CPU
		{16FF8368-DD70-4C57-BB08-2C9A236C6013}.PSM|x86.ActiveCfg = Debug|Any CPU
		{16FF8368-DD70-4C57-BB08-2C9A236C6013}.Release|Any CPU.ActiveCfg = Debug|Any CPU
		{16FF8368-DD70-4C57-BB08-2C9A236C6013}.Release|Mixed Platforms.ActiveCfg = Debug|Any CPU
		{16FF8368-DD70-4C57-BB08-2C9A236C6013}.Release|Windows Phone.ActiveCfg = Debug|Any CPU
		{16FF8368-DD70-4C57-BB08-2C9A236C6013}.Release|x64.ActiveCfg = Debug|Any CPU
		{16FF8368-DD70-4C57-BB08-2C9A236C6013}.Release|x86.ActiveCfg = Debug|Any CPU
		{16FF8368-DD70-4C57-BB08-2C9A236C6013}.Windows|Any CPU.ActiveCfg = Debug|Any CPU
		{16FF8368-DD70-4C57-BB08-2C9A236C6013}.Windows|Mixed Platforms.ActiveCfg = Debug|Any CPU
		{16FF8368-DD70-4C57-BB08-2C9A236C6013}.Windows|Windows Phone.ActiveCfg = Debug|Any CPU
		{16FF8368-DD70-4C57-BB08-2C9A236C6013}.Windows|x64.ActiveCfg = Debug|Any CPU
		{16FF8368-DD70-4C57-BB08-2C9A236C6013}.Windows|x86.ActiveCfg = Debug|Any CPU
		{16FF8368-DD70-4C57-BB08-2C9A236C6013}.Windows8|Any CPU.ActiveCfg = Debug|Any CPU
		{16FF8368-DD70-4C57-BB08-2C9A236C6013}.Windows8|Mixed Platforms.ActiveCfg = Debug|Any CPU
		{16FF8368-DD70-4C57-BB08-2C9A236C6013}.Windows8|Windows Phone.ActiveCfg = Debug|Any CPU
		{16FF8368-DD70-4C57-BB08-2C9A236C6013}.Windows8|x64.ActiveCfg = Debug|Any CPU
		{16FF8368-DD70-4C57-BB08-2C9A236C6013}.Windows8|x86.ActiveCfg = Debug|Any CPU
	EndGlobalSection
	GlobalSection(SolutionProperties) = preSolution
		HideSolutionNode = FALSE
	EndGlobalSection
EndGlobal
