
Microsoft Visual Studio Solution File, Format Version 12.00
# Visual Studio 2012
Project("{FAE04EC0-301F-11D3-BF4B-00C04F79EFBC}") = "CoreUI", "CoreUI\CoreUI.csproj", "{961DA26C-70F5-4AD5-A829-498C148430B4}"
EndProject
Project("{FAE04EC0-301F-11D3-BF4B-00C04F79EFBC}") = "EntityFramework", "EntityFramework\EntityFramework.csproj", "{43EDC16E-8B0E-4F58-AD04-A71A1C492161}"
EndProject
Project("{FAE04EC0-301F-11D3-BF4B-00C04F79EFBC}") = "GameContent", "GameContent\GameContent.contentproj", "{16FF8368-DD70-4C57-BB08-2C9A236C6013}"
EndProject
Project("{FAE04EC0-301F-11D3-BF4B-00C04F79EFBC}") = "FarseerPhysicsMonoGame", "Farseer Physics Engine 3.5\FarseerPhysicsMonoGame.csproj", "{0AAD36E3-51A5-4A07-AB60-5C8A66BD38B7}"
EndProject
Project("{FAE04EC0-301F-11D3-BF4B-00C04F79EFBC}") = "CleanGame", "CleanGame\CleanGame.csproj", "{E21B3337-9138-4CD9-BD9D-8482B9FDBB63}"
EndProject
Project("{FAE04EC0-301F-11D3-BF4B-00C04F79EFBC}") = "GameService", "GameService\GameService.csproj", "{14F828BD-BEB0-4415-8E2F-A680E0E0DB66}"
EndProject
Project("{FAE04EC0-301F-11D3-BF4B-00C04F79EFBC}") = "BasicSetup", "BasicSetup\BasicSetup.csproj", "{7DCE4850-B825-4998-95DE-F77F9046C3F2}"
EndProject
Global
	GlobalSection(SolutionConfigurationPlatforms) = preSolution
		64 bit|Any CPU = 64 bit|Any CPU
		64 bit|Mixed Platforms = 64 bit|Mixed Platforms
		64 bit|x64 = 64 bit|x64
		64 bit|x86 = 64 bit|x86
		Debug|Any CPU = Debug|Any CPU
		Debug|Mixed Platforms = Debug|Mixed Platforms
		Debug|x64 = Debug|x64
		Debug|x86 = Debug|x86
		Release|Any CPU = Release|Any CPU
		Release|Mixed Platforms = Release|Mixed Platforms
		Release|x64 = Release|x64
		Release|x86 = Release|x86
	EndGlobalSection
	GlobalSection(ProjectConfigurationPlatforms) = postSolution
		{961DA26C-70F5-4AD5-A829-498C148430B4}.64 bit|Any CPU.ActiveCfg = 64 bit|Any CPU
		{961DA26C-70F5-4AD5-A829-498C148430B4}.64 bit|Any CPU.Build.0 = 64 bit|Any CPU
		{961DA26C-70F5-4AD5-A829-498C148430B4}.64 bit|Mixed Platforms.ActiveCfg = 64 bit|x86
		{961DA26C-70F5-4AD5-A829-498C148430B4}.64 bit|Mixed Platforms.Build.0 = 64 bit|x86
		{961DA26C-70F5-4AD5-A829-498C148430B4}.64 bit|x64.ActiveCfg = 64 bit|x64
		{961DA26C-70F5-4AD5-A829-498C148430B4}.64 bit|x64.Build.0 = 64 bit|x64
		{961DA26C-70F5-4AD5-A829-498C148430B4}.64 bit|x86.ActiveCfg = 64 bit|x86
		{961DA26C-70F5-4AD5-A829-498C148430B4}.64 bit|x86.Build.0 = 64 bit|x86
		{961DA26C-70F5-4AD5-A829-498C148430B4}.Debug|Any CPU.ActiveCfg = Debug|Any CPU
		{961DA26C-70F5-4AD5-A829-498C148430B4}.Debug|Any CPU.Build.0 = Debug|Any CPU
		{961DA26C-70F5-4AD5-A829-498C148430B4}.Debug|Mixed Platforms.ActiveCfg = Debug|x86
		{961DA26C-70F5-4AD5-A829-498C148430B4}.Debug|Mixed Platforms.Build.0 = Debug|x86
		{961DA26C-70F5-4AD5-A829-498C148430B4}.Debug|x64.ActiveCfg = Debug|x64
		{961DA26C-70F5-4AD5-A829-498C148430B4}.Debug|x64.Build.0 = Debug|x64
		{961DA26C-70F5-4AD5-A829-498C148430B4}.Debug|x86.ActiveCfg = Debug|x86
		{961DA26C-70F5-4AD5-A829-498C148430B4}.Debug|x86.Build.0 = Debug|x86
		{961DA26C-70F5-4AD5-A829-498C148430B4}.Release|Any CPU.ActiveCfg = Release|Any CPU
		{961DA26C-70F5-4AD5-A829-498C148430B4}.Release|Any CPU.Build.0 = Release|Any CPU
		{961DA26C-70F5-4AD5-A829-498C148430B4}.Release|Mixed Platforms.ActiveCfg = Release|x86
		{961DA26C-70F5-4AD5-A829-498C148430B4}.Release|Mixed Platforms.Build.0 = Release|x86
		{961DA26C-70F5-4AD5-A829-498C148430B4}.Release|x64.ActiveCfg = Release|x64
		{961DA26C-70F5-4AD5-A829-498C148430B4}.Release|x64.Build.0 = Release|x64
		{961DA26C-70F5-4AD5-A829-498C148430B4}.Release|x86.ActiveCfg = Release|x86
		{961DA26C-70F5-4AD5-A829-498C148430B4}.Release|x86.Build.0 = Release|x86
		{43EDC16E-8B0E-4F58-AD04-A71A1C492161}.64 bit|Any CPU.ActiveCfg = Release|Any CPU
		{43EDC16E-8B0E-4F58-AD04-A71A1C492161}.64 bit|Any CPU.Build.0 = Release|Any CPU
		{43EDC16E-8B0E-4F58-AD04-A71A1C492161}.64 bit|Mixed Platforms.ActiveCfg = Release|Any CPU
		{43EDC16E-8B0E-4F58-AD04-A71A1C492161}.64 bit|Mixed Platforms.Build.0 = Release|Any CPU
		{43EDC16E-8B0E-4F58-AD04-A71A1C492161}.64 bit|x64.ActiveCfg = Release|Any CPU
		{43EDC16E-8B0E-4F58-AD04-A71A1C492161}.64 bit|x86.ActiveCfg = Release|Any CPU
		{43EDC16E-8B0E-4F58-AD04-A71A1C492161}.Debug|Any CPU.ActiveCfg = Debug|Any CPU
		{43EDC16E-8B0E-4F58-AD04-A71A1C492161}.Debug|Any CPU.Build.0 = Debug|Any CPU
		{43EDC16E-8B0E-4F58-AD04-A71A1C492161}.Debug|Mixed Platforms.ActiveCfg = Debug|x86
		{43EDC16E-8B0E-4F58-AD04-A71A1C492161}.Debug|Mixed Platforms.Build.0 = Debug|x86
		{43EDC16E-8B0E-4F58-AD04-A71A1C492161}.Debug|x64.ActiveCfg = Debug|Any CPU
		{43EDC16E-8B0E-4F58-AD04-A71A1C492161}.Debug|x86.ActiveCfg = Debug|x86
		{43EDC16E-8B0E-4F58-AD04-A71A1C492161}.Debug|x86.Build.0 = Debug|x86
		{43EDC16E-8B0E-4F58-AD04-A71A1C492161}.Release|Any CPU.ActiveCfg = Release|Any CPU
		{43EDC16E-8B0E-4F58-AD04-A71A1C492161}.Release|Any CPU.Build.0 = Release|Any CPU
		{43EDC16E-8B0E-4F58-AD04-A71A1C492161}.Release|Mixed Platforms.ActiveCfg = Release|Any CPU
		{43EDC16E-8B0E-4F58-AD04-A71A1C492161}.Release|Mixed Platforms.Build.0 = Release|Any CPU
		{43EDC16E-8B0E-4F58-AD04-A71A1C492161}.Release|x64.ActiveCfg = Release|Any CPU
		{43EDC16E-8B0E-4F58-AD04-A71A1C492161}.Release|x86.ActiveCfg = Release|x86
		{43EDC16E-8B0E-4F58-AD04-A71A1C492161}.Release|x86.Build.0 = Release|x86
		{16FF8368-DD70-4C57-BB08-2C9A236C6013}.64 bit|Any CPU.ActiveCfg = Debug|Any CPU
		{16FF8368-DD70-4C57-BB08-2C9A236C6013}.64 bit|Mixed Platforms.ActiveCfg = Debug|Any CPU
		{16FF8368-DD70-4C57-BB08-2C9A236C6013}.64 bit|x64.ActiveCfg = Debug|Any CPU
		{16FF8368-DD70-4C57-BB08-2C9A236C6013}.64 bit|x86.ActiveCfg = Debug|Any CPU
		{16FF8368-DD70-4C57-BB08-2C9A236C6013}.Debug|Any CPU.ActiveCfg = Debug|Any CPU
		{16FF8368-DD70-4C57-BB08-2C9A236C6013}.Debug|Mixed Platforms.ActiveCfg = Debug|Any CPU
		{16FF8368-DD70-4C57-BB08-2C9A236C6013}.Debug|x64.ActiveCfg = Debug|Any CPU
		{16FF8368-DD70-4C57-BB08-2C9A236C6013}.Debug|x86.ActiveCfg = Debug|Any CPU
		{16FF8368-DD70-4C57-BB08-2C9A236C6013}.Release|Any CPU.ActiveCfg = Debug|Any CPU
		{16FF8368-DD70-4C57-BB08-2C9A236C6013}.Release|Mixed Platforms.ActiveCfg = Debug|Any CPU
		{16FF8368-DD70-4C57-BB08-2C9A236C6013}.Release|x64.ActiveCfg = Debug|Any CPU
		{16FF8368-DD70-4C57-BB08-2C9A236C6013}.Release|x86.ActiveCfg = Debug|Any CPU
		{0AAD36E3-51A5-4A07-AB60-5C8A66BD38B7}.64 bit|Any CPU.ActiveCfg = Release|x86
		{0AAD36E3-51A5-4A07-AB60-5C8A66BD38B7}.64 bit|Mixed Platforms.ActiveCfg = Release|x86
		{0AAD36E3-51A5-4A07-AB60-5C8A66BD38B7}.64 bit|Mixed Platforms.Build.0 = Release|x86
		{0AAD36E3-51A5-4A07-AB60-5C8A66BD38B7}.64 bit|x64.ActiveCfg = Release|x86
		{0AAD36E3-51A5-4A07-AB60-5C8A66BD38B7}.64 bit|x86.ActiveCfg = Release|x86
		{0AAD36E3-51A5-4A07-AB60-5C8A66BD38B7}.64 bit|x86.Build.0 = Release|x86
		{0AAD36E3-51A5-4A07-AB60-5C8A66BD38B7}.Debug|Any CPU.ActiveCfg = Debug|x86
		{0AAD36E3-51A5-4A07-AB60-5C8A66BD38B7}.Debug|Any CPU.Build.0 = Debug|x86
		{0AAD36E3-51A5-4A07-AB60-5C8A66BD38B7}.Debug|Mixed Platforms.ActiveCfg = Debug|x86
		{0AAD36E3-51A5-4A07-AB60-5C8A66BD38B7}.Debug|Mixed Platforms.Build.0 = Debug|x86
		{0AAD36E3-51A5-4A07-AB60-5C8A66BD38B7}.Debug|x64.ActiveCfg = Debug|x86
		{0AAD36E3-51A5-4A07-AB60-5C8A66BD38B7}.Debug|x86.ActiveCfg = Debug|x86
		{0AAD36E3-51A5-4A07-AB60-5C8A66BD38B7}.Debug|x86.Build.0 = Debug|x86
		{0AAD36E3-51A5-4A07-AB60-5C8A66BD38B7}.Release|Any CPU.ActiveCfg = Release|x86
		{0AAD36E3-51A5-4A07-AB60-5C8A66BD38B7}.Release|Mixed Platforms.ActiveCfg = Release|x86
		{0AAD36E3-51A5-4A07-AB60-5C8A66BD38B7}.Release|Mixed Platforms.Build.0 = Release|x86
		{0AAD36E3-51A5-4A07-AB60-5C8A66BD38B7}.Release|x64.ActiveCfg = Release|x86
		{0AAD36E3-51A5-4A07-AB60-5C8A66BD38B7}.Release|x86.ActiveCfg = Release|x86
		{0AAD36E3-51A5-4A07-AB60-5C8A66BD38B7}.Release|x86.Build.0 = Release|x86
		{E21B3337-9138-4CD9-BD9D-8482B9FDBB63}.64 bit|Any CPU.ActiveCfg = Release|x86
		{E21B3337-9138-4CD9-BD9D-8482B9FDBB63}.64 bit|Mixed Platforms.ActiveCfg = Release|x86
		{E21B3337-9138-4CD9-BD9D-8482B9FDBB63}.64 bit|Mixed Platforms.Build.0 = Release|x86
		{E21B3337-9138-4CD9-BD9D-8482B9FDBB63}.64 bit|x64.ActiveCfg = Release|x86
		{E21B3337-9138-4CD9-BD9D-8482B9FDBB63}.64 bit|x86.ActiveCfg = Release|x86
		{E21B3337-9138-4CD9-BD9D-8482B9FDBB63}.64 bit|x86.Build.0 = Release|x86
		{E21B3337-9138-4CD9-BD9D-8482B9FDBB63}.Debug|Any CPU.ActiveCfg = Debug|x86
		{E21B3337-9138-4CD9-BD9D-8482B9FDBB63}.Debug|Any CPU.Build.0 = Debug|x86
		{E21B3337-9138-4CD9-BD9D-8482B9FDBB63}.Debug|Mixed Platforms.ActiveCfg = Debug|x86
		{E21B3337-9138-4CD9-BD9D-8482B9FDBB63}.Debug|Mixed Platforms.Build.0 = Debug|x86
		{E21B3337-9138-4CD9-BD9D-8482B9FDBB63}.Debug|x64.ActiveCfg = Debug|x86
		{E21B3337-9138-4CD9-BD9D-8482B9FDBB63}.Debug|x86.ActiveCfg = Debug|x86
		{E21B3337-9138-4CD9-BD9D-8482B9FDBB63}.Debug|x86.Build.0 = Debug|x86
		{E21B3337-9138-4CD9-BD9D-8482B9FDBB63}.Release|Any CPU.ActiveCfg = Release|x86
		{E21B3337-9138-4CD9-BD9D-8482B9FDBB63}.Release|Mixed Platforms.ActiveCfg = Release|x86
		{E21B3337-9138-4CD9-BD9D-8482B9FDBB63}.Release|Mixed Platforms.Build.0 = Release|x86
		{E21B3337-9138-4CD9-BD9D-8482B9FDBB63}.Release|x64.ActiveCfg = Release|x86
		{E21B3337-9138-4CD9-BD9D-8482B9FDBB63}.Release|x86.ActiveCfg = Release|x86
		{E21B3337-9138-4CD9-BD9D-8482B9FDBB63}.Release|x86.Build.0 = Release|x86
		{14F828BD-BEB0-4415-8E2F-A680E0E0DB66}.64 bit|Any CPU.ActiveCfg = Release|x86
		{14F828BD-BEB0-4415-8E2F-A680E0E0DB66}.64 bit|Mixed Platforms.ActiveCfg = Release|x86
		{14F828BD-BEB0-4415-8E2F-A680E0E0DB66}.64 bit|Mixed Platforms.Build.0 = Release|x86
		{14F828BD-BEB0-4415-8E2F-A680E0E0DB66}.64 bit|x64.ActiveCfg = Release|x86
		{14F828BD-BEB0-4415-8E2F-A680E0E0DB66}.64 bit|x86.ActiveCfg = Release|x86
		{14F828BD-BEB0-4415-8E2F-A680E0E0DB66}.64 bit|x86.Build.0 = Release|x86
		{14F828BD-BEB0-4415-8E2F-A680E0E0DB66}.Debug|Any CPU.ActiveCfg = Debug|x86
		{14F828BD-BEB0-4415-8E2F-A680E0E0DB66}.Debug|Any CPU.Build.0 = Debug|x86
		{14F828BD-BEB0-4415-8E2F-A680E0E0DB66}.Debug|Mixed Platforms.ActiveCfg = Debug|x86
		{14F828BD-BEB0-4415-8E2F-A680E0E0DB66}.Debug|Mixed Platforms.Build.0 = Debug|x86
		{14F828BD-BEB0-4415-8E2F-A680E0E0DB66}.Debug|x64.ActiveCfg = Debug|x86
		{14F828BD-BEB0-4415-8E2F-A680E0E0DB66}.Debug|x86.ActiveCfg = Debug|x86
		{14F828BD-BEB0-4415-8E2F-A680E0E0DB66}.Debug|x86.Build.0 = Debug|x86
		{14F828BD-BEB0-4415-8E2F-A680E0E0DB66}.Release|Any CPU.ActiveCfg = Release|x86
		{14F828BD-BEB0-4415-8E2F-A680E0E0DB66}.Release|Mixed Platforms.ActiveCfg = Release|x86
		{14F828BD-BEB0-4415-8E2F-A680E0E0DB66}.Release|Mixed Platforms.Build.0 = Release|x86
		{14F828BD-BEB0-4415-8E2F-A680E0E0DB66}.Release|x64.ActiveCfg = Release|x86
		{14F828BD-BEB0-4415-8E2F-A680E0E0DB66}.Release|x86.ActiveCfg = Release|x86
		{14F828BD-BEB0-4415-8E2F-A680E0E0DB66}.Release|x86.Build.0 = Release|x86
		{7DCE4850-B825-4998-95DE-F77F9046C3F2}.64 bit|Any CPU.ActiveCfg = Release|Any CPU
		{7DCE4850-B825-4998-95DE-F77F9046C3F2}.64 bit|Any CPU.Build.0 = Release|Any CPU
		{7DCE4850-B825-4998-95DE-F77F9046C3F2}.64 bit|Mixed Platforms.ActiveCfg = Release|Any CPU
		{7DCE4850-B825-4998-95DE-F77F9046C3F2}.64 bit|Mixed Platforms.Build.0 = Release|Any CPU
		{7DCE4850-B825-4998-95DE-F77F9046C3F2}.64 bit|x64.ActiveCfg = Release|Any CPU
		{7DCE4850-B825-4998-95DE-F77F9046C3F2}.64 bit|x86.ActiveCfg = Release|Any CPU
		{7DCE4850-B825-4998-95DE-F77F9046C3F2}.Debug|Any CPU.ActiveCfg = Debug|Any CPU
		{7DCE4850-B825-4998-95DE-F77F9046C3F2}.Debug|Any CPU.Build.0 = Debug|Any CPU
		{7DCE4850-B825-4998-95DE-F77F9046C3F2}.Debug|Mixed Platforms.ActiveCfg = Debug|x86
		{7DCE4850-B825-4998-95DE-F77F9046C3F2}.Debug|Mixed Platforms.Build.0 = Debug|x86
		{7DCE4850-B825-4998-95DE-F77F9046C3F2}.Debug|x64.ActiveCfg = Debug|Any CPU
		{7DCE4850-B825-4998-95DE-F77F9046C3F2}.Debug|x86.ActiveCfg = Debug|x86
		{7DCE4850-B825-4998-95DE-F77F9046C3F2}.Debug|x86.Build.0 = Debug|x86
		{7DCE4850-B825-4998-95DE-F77F9046C3F2}.Release|Any CPU.ActiveCfg = Release|Any CPU
		{7DCE4850-B825-4998-95DE-F77F9046C3F2}.Release|Any CPU.Build.0 = Release|Any CPU
		{7DCE4850-B825-4998-95DE-F77F9046C3F2}.Release|Mixed Platforms.ActiveCfg = Release|Any CPU
		{7DCE4850-B825-4998-95DE-F77F9046C3F2}.Release|Mixed Platforms.Build.0 = Release|Any CPU
		{7DCE4850-B825-4998-95DE-F77F9046C3F2}.Release|x64.ActiveCfg = Release|Any CPU
		{7DCE4850-B825-4998-95DE-F77F9046C3F2}.Release|x86.ActiveCfg = Release|x86
		{7DCE4850-B825-4998-95DE-F77F9046C3F2}.Release|x86.Build.0 = Release|x86
	EndGlobalSection
	GlobalSection(SolutionProperties) = preSolution
		HideSolutionNode = FALSE
	EndGlobalSection
EndGlobal
