
Microsoft Visual Studio Solution File, Format Version 12.00
# Visual Studio 2013
VisualStudioVersion = 12.0.21005.1
MinimumVisualStudioVersion = 10.0.40219.1
Project("{FAE04EC0-301F-11D3-BF4B-00C04F79EFBC}") = "TowerSite", "TowerSite\TowerSite.csproj", "{04DB9BDF-82F8-4FA7-9269-E71687956009}"
EndProject
Project("{FAE04EC0-301F-11D3-BF4B-00C04F79EFBC}") = "GameEventTester", "GameEventTester\GameEventTester.csproj", "{F73AF2DC-84A6-4678-B798-A82751BA0B7C}"
EndProject
Global
	GlobalSection(SolutionConfigurationPlatforms) = preSolution
		Debug|Any CPU = Debug|Any CPU
		Release|Any CPU = Release|Any CPU
	EndGlobalSection
	GlobalSection(ProjectConfigurationPlatforms) = postSolution
		{04DB9BDF-82F8-4FA7-9269-E71687956009}.Debug|Any CPU.ActiveCfg = Debug|Any CPU
		{04DB9BDF-82F8-4FA7-9269-E71687956009}.Debug|Any CPU.Build.0 = Debug|Any CPU
		{04DB9BDF-82F8-4FA7-9269-E71687956009}.Release|Any CPU.ActiveCfg = Release|Any CPU
		{04DB9BDF-82F8-4FA7-9269-E71687956009}.Release|Any CPU.Build.0 = Release|Any CPU
		{F73AF2DC-84A6-4678-B798-A82751BA0B7C}.Debug|Any CPU.ActiveCfg = Debug|Any CPU
		{F73AF2DC-84A6-4678-B798-A82751BA0B7C}.Debug|Any CPU.Build.0 = Debug|Any CPU
		{F73AF2DC-84A6-4678-B798-A82751BA0B7C}.Release|Any CPU.ActiveCfg = Release|Any CPU
		{F73AF2DC-84A6-4678-B798-A82751BA0B7C}.Release|Any CPU.Build.0 = Release|Any CPU
	EndGlobalSection
	GlobalSection(SolutionProperties) = preSolution
		HideSolutionNode = FALSE
	EndGlobalSection
EndGlobal
