
Microsoft Visual Studio Solution File, Format Version 10.00
# Visual C# Express 2008
Project("{FAE04EC0-301F-11D3-BF4B-00C04F79EFBC}") = "CoreUI", "CoreUI.csproj", "{961DA26C-70F5-4AD5-A829-498C148430B4}"
EndProject
Project("{FAE04EC0-301F-11D3-BF4B-00C04F79EFBC}") = "UITest", "..\UITest\UITest.csproj", "{B7C2A0EE-5288-4FB3-8A69-3E0A48EED0C0}"
EndProject
Global
	GlobalSection(SolutionConfigurationPlatforms) = preSolution
		Debug|x86 = Debug|x86
		Release|x86 = Release|x86
	EndGlobalSection
	GlobalSection(ProjectConfigurationPlatforms) = postSolution
		{961DA26C-70F5-4AD5-A829-498C148430B4}.Debug|x86.ActiveCfg = Debug|x86
		{961DA26C-70F5-4AD5-A829-498C148430B4}.Debug|x86.Build.0 = Debug|x86
		{961DA26C-70F5-4AD5-A829-498C148430B4}.Release|x86.ActiveCfg = Release|x86
		{961DA26C-70F5-4AD5-A829-498C148430B4}.Release|x86.Build.0 = Release|x86
		{B7C2A0EE-5288-4FB3-8A69-3E0A48EED0C0}.Debug|x86.ActiveCfg = Debug|x86
		{B7C2A0EE-5288-4FB3-8A69-3E0A48EED0C0}.Debug|x86.Build.0 = Debug|x86
		{B7C2A0EE-5288-4FB3-8A69-3E0A48EED0C0}.Release|x86.ActiveCfg = Release|x86
		{B7C2A0EE-5288-4FB3-8A69-3E0A48EED0C0}.Release|x86.Build.0 = Release|x86
	EndGlobalSection
	GlobalSection(SolutionProperties) = preSolution
		HideSolutionNode = FALSE
	EndGlobalSection
EndGlobal
